
Microsoft Visual Studio Solution File, Format Version 12.00
# Visual Studio 15
VisualStudioVersion = 15.0.26730.10
MinimumVisualStudioVersion = 10.0.40219.1
Project("{FAE04EC0-301F-11D3-BF4B-00C04F79EFBC}") = "Messages", "Messages\Messages.csproj", "{255C61EF-C53D-4BD3-8CDF-C020361777BE}"
EndProject
Project("{FAE04EC0-301F-11D3-BF4B-00C04F79EFBC}") = "Warehouse", "Warehouse\Warehouse.csproj", "{714A756C-2CCB-414A-8A41-D79A92555B22}"
EndProject
Project("{FAE04EC0-301F-11D3-BF4B-00C04F79EFBC}") = "Retailer", "Retailer\Retailer.csproj", "{8CC2764A-5102-4F72-B044-32012063CEB6}"
EndProject
Project("{FAE04EC0-301F-11D3-BF4B-00C04F79EFBC}") = "Customer", "Customer\Customer.csproj", "{CA0F4985-2C6D-4ACE-83DA-1B21C403216F}"
EndProject
Global
	GlobalSection(SolutionConfigurationPlatforms) = preSolution
		Debug|Any CPU = Debug|Any CPU
		Release|Any CPU = Release|Any CPU
	EndGlobalSection
	GlobalSection(ProjectConfigurationPlatforms) = postSolution
		{255C61EF-C53D-4BD3-8CDF-C020361777BE}.Debug|Any CPU.ActiveCfg = Debug|Any CPU
		{255C61EF-C53D-4BD3-8CDF-C020361777BE}.Debug|Any CPU.Build.0 = Debug|Any CPU
		{255C61EF-C53D-4BD3-8CDF-C020361777BE}.Release|Any CPU.ActiveCfg = Release|Any CPU
		{255C61EF-C53D-4BD3-8CDF-C020361777BE}.Release|Any CPU.Build.0 = Release|Any CPU
		{714A756C-2CCB-414A-8A41-D79A92555B22}.Debug|Any CPU.ActiveCfg = Debug|Any CPU
		{714A756C-2CCB-414A-8A41-D79A92555B22}.Debug|Any CPU.Build.0 = Debug|Any CPU
		{714A756C-2CCB-414A-8A41-D79A92555B22}.Release|Any CPU.ActiveCfg = Release|Any CPU
		{714A756C-2CCB-414A-8A41-D79A92555B22}.Release|Any CPU.Build.0 = Release|Any CPU
		{8CC2764A-5102-4F72-B044-32012063CEB6}.Debug|Any CPU.ActiveCfg = Debug|Any CPU
		{8CC2764A-5102-4F72-B044-32012063CEB6}.Debug|Any CPU.Build.0 = Debug|Any CPU
		{8CC2764A-5102-4F72-B044-32012063CEB6}.Release|Any CPU.ActiveCfg = Release|Any CPU
		{8CC2764A-5102-4F72-B044-32012063CEB6}.Release|Any CPU.Build.0 = Release|Any CPU
		{CA0F4985-2C6D-4ACE-83DA-1B21C403216F}.Debug|Any CPU.ActiveCfg = Debug|Any CPU
		{CA0F4985-2C6D-4ACE-83DA-1B21C403216F}.Debug|Any CPU.Build.0 = Debug|Any CPU
		{CA0F4985-2C6D-4ACE-83DA-1B21C403216F}.Release|Any CPU.ActiveCfg = Release|Any CPU
		{CA0F4985-2C6D-4ACE-83DA-1B21C403216F}.Release|Any CPU.Build.0 = Release|Any CPU
	EndGlobalSection
	GlobalSection(SolutionProperties) = preSolution
		HideSolutionNode = FALSE
	EndGlobalSection
	GlobalSection(ExtensibilityGlobals) = postSolution
		SolutionGuid = {27A904A3-91B1-4526-9AF5-8AE7F0BB009E}
	EndGlobalSection
EndGlobal
